
Microsoft Visual Studio Solution File, Format Version 12.00
# Visual Studio Version 16
VisualStudioVersion = 16.0.29009.5
MinimumVisualStudioVersion = 10.0.40219.1
Project("{FAE04EC0-301F-11D3-BF4B-00C04F79EFBC}") = "WaitingList", "WaitingList\WaitingList.csproj", "{0D3663B6-22F1-4DC6-9553-66195AF6E380}"
EndProject
Global
	GlobalSection(SolutionConfigurationPlatforms) = preSolution
		Debug|Any CPU = Debug|Any CPU
		Release|Any CPU = Release|Any CPU
	EndGlobalSection
	GlobalSection(ProjectConfigurationPlatforms) = postSolution
		{0D3663B6-22F1-4DC6-9553-66195AF6E380}.Debug|Any CPU.ActiveCfg = Debug|Any CPU
		{0D3663B6-22F1-4DC6-9553-66195AF6E380}.Debug|Any CPU.Build.0 = Debug|Any CPU
		{0D3663B6-22F1-4DC6-9553-66195AF6E380}.Release|Any CPU.ActiveCfg = Release|Any CPU
		{0D3663B6-22F1-4DC6-9553-66195AF6E380}.Release|Any CPU.Build.0 = Release|Any CPU
	EndGlobalSection
	GlobalSection(SolutionProperties) = preSolution
		HideSolutionNode = FALSE
	EndGlobalSection
	GlobalSection(ExtensibilityGlobals) = postSolution
		SolutionGuid = {0AAD6387-8C26-4156-9BBD-9B29A06D3880}
	EndGlobalSection
EndGlobal
